Microsoft Visual Studio Solution File, Format Version 12.00
# Visual Studio 15
VisualStudioVersion = 15.0.26730.16
MinimumVisualStudioVersion = 10.0.40219.1
Project("{FAE04EC0-301F-11D3-BF4B-00C04F79EFBC}") = "OSPSuite.BDDHelper", "src\OSPSuite.BDDHelper\OSPSuite.BDDHelper.csproj", "{902F06E2-23D7-4C00-9547-22FC2AEA53B7}"
EndProject
Project("{2150E333-8FDC-42A3-9474-1A3956D46DE8}") = "Solution Items", "Solution Items", "{17AE0EA6-8BF6-4093-B936-DB7D0A157F96}"
	ProjectSection(SolutionItems) = preProject
		appveyor.yml = appveyor.yml
		SolutionInfo.cs = SolutionInfo.cs
	EndProjectSection
EndProject
Project("{FAE04EC0-301F-11D3-BF4B-00C04F79EFBC}") = "OSPSuite.BDDHelper.Tests", "tests\OSPSuite.BDDHelper.Tests\OSPSuite.BDDHelper.Tests.csproj", "{68A0AFEC-A6AB-492E-BDF8-1D35BDCCA4FF}"
EndProject
Global
	GlobalSection(SolutionConfigurationPlatforms) = preSolution
		Debug|Any CPU = Debug|Any CPU
		Release|Any CPU = Release|Any CPU
	EndGlobalSection
	GlobalSection(ProjectConfigurationPlatforms) = postSolution
		{902F06E2-23D7-4C00-9547-22FC2AEA53B7}.Debug|Any CPU.ActiveCfg = Debug|Any CPU
		{902F06E2-23D7-4C00-9547-22FC2AEA53B7}.Debug|Any CPU.Build.0 = Debug|Any CPU
		{902F06E2-23D7-4C00-9547-22FC2AEA53B7}.Release|Any CPU.ActiveCfg = Release|Any CPU
		{902F06E2-23D7-4C00-9547-22FC2AEA53B7}.Release|Any CPU.Build.0 = Release|Any CPU
		{68A0AFEC-A6AB-492E-BDF8-1D35BDCCA4FF}.Debug|Any CPU.ActiveCfg = Debug|Any CPU
		{68A0AFEC-A6AB-492E-BDF8-1D35BDCCA4FF}.Debug|Any CPU.Build.0 = Debug|Any CPU
		{68A0AFEC-A6AB-492E-BDF8-1D35BDCCA4FF}.Release|Any CPU.ActiveCfg = Release|Any CPU
		{68A0AFEC-A6AB-492E-BDF8-1D35BDCCA4FF}.Release|Any CPU.Build.0 = Release|Any CPU
	EndGlobalSection
	GlobalSection(SolutionProperties) = preSolution
		HideSolutionNode = FALSE
	EndGlobalSection
EndGlobal
